<?xml version="1.0" encoding="utf-8"?>
<Project ToolsVersion="4.0" xmlns="http://schemas.microsoft.com/developer/msbuild/2003">
  <ItemGroup>
    <Filter Include="ソース ファイル">
      <UniqueIdentifier>{4FC737F1-C7A5-4376-A066-2A32D752A2FF}</UniqueIdentifier>
      <Extensions>cpp;c;cc;cxx;def;odl;idl;hpj;bat;asm;asmx</Extensions>
    </Filter>
    <Filter Include="ソース ファイル\scene_game">
      <UniqueIdentifier>{99480d18-a01a-478a-95d0-fb97c50cd010}</UniqueIdentifier>
    </Filter>
    <Filter Include="ソース ファイル\scene_game\camera">
      <UniqueIdentifier>{8ef12ffc-f6e1-45e5-ba59-12c05479917f}</UniqueIdentifier>
    </Filter>
    <Filter Include="ソース ファイル\scene_game\object">
      <UniqueIdentifier>{1318d6d5-7f58-4468-9a25-b89ef51ca1f0}</UniqueIdentifier>
    </Filter>
    <Filter Include="00_Adollib">
      <UniqueIdentifier>{457a0db0-78dc-4f19-9ba1-e6eb79f8abcf}</UniqueIdentifier>
    </Filter>
    <Filter Include="00_Adollib\00_main">
      <UniqueIdentifier>{1aa0d38b-0bac-4886-bcb7-4d0604cec1e3}</UniqueIdentifier>
    </Filter>
    <Filter Include="00_Adollib\11_math">
      <UniqueIdentifier>{eea9848d-7e6b-474f-aa58-f3a76a5c04fc}</UniqueIdentifier>
    </Filter>
    <Filter Include="00_Adollib\99_imgui">
      <UniqueIdentifier>{f686ac45-2d88-4cab-a5d5-7ca5931f6b99}</UniqueIdentifier>
    </Filter>
    <Filter Include="00_Adollib\33_object">
      <UniqueIdentifier>{ba801f30-dc48-437a-b82e-1c30330c227f}</UniqueIdentifier>
    </Filter>
    <Filter Include="00_Adollib\33_object\mesh">
      <UniqueIdentifier>{d2534fb1-3e0f-4465-bf38-05c093fa394f}</UniqueIdentifier>
    </Filter>
    <Filter Include="00_Adollib\44_shader">
      <UniqueIdentifier>{36de64fc-7e7c-4b76-a489-b6c226ddc5d4}</UniqueIdentifier>
    </Filter>
    <Filter Include="00_Adollib\44_shader\hlsli">
      <UniqueIdentifier>{2ee81938-f4b8-4424-be0e-212cafffefba}</UniqueIdentifier>
    </Filter>
    <Filter Include="00_Adollib\22_physics">
      <UniqueIdentifier>{948ff940-3127-440f-a355-36b477c57395}</UniqueIdentifier>
    </Filter>
    <Filter Include="00_Adollib\22_physics\collider">
      <UniqueIdentifier>{191c6cc4-0fed-49ce-b578-ce84509773b1}</UniqueIdentifier>
    </Filter>
    <Filter Include="00_Adollib\22_physics\ALP">
      <UniqueIdentifier>{cd1ab3af-5ba6-4936-812a-96d396eee048}</UniqueIdentifier>
    </Filter>
    <Filter Include="00_Adollib\22_physics\base">
      <UniqueIdentifier>{7915a7ae-8227-4916-b9fe-c0b2224920ae}</UniqueIdentifier>
    </Filter>
    <Filter Include="00_Adollib\55_scene">
      <UniqueIdentifier>{6df52f9e-fa2b-4768-b3fe-a72ba3970acc}</UniqueIdentifier>
    </Filter>
    <Filter Include="00_Adollib\00_main\imgui">
      <UniqueIdentifier>{e300b9ac-82ee-481e-86c7-2123936d9db1}</UniqueIdentifier>
    </Filter>
    <Filter Include="00_Adollib\11_math\functions">
      <UniqueIdentifier>{05ee9c70-11e2-4e67-8910-c0034474c868}</UniqueIdentifier>
    </Filter>
    <Filter Include="00_Adollib\00_main\natvis">
      <UniqueIdentifier>{aee142de-7b15-4eea-88fc-128ef08de0e9}</UniqueIdentifier>
    </Filter>
    <Filter Include="00_Adollib\22_physics\Joint">
      <UniqueIdentifier>{49b4bba8-3f1f-4682-a578-69c8e8cd5674}</UniqueIdentifier>
    </Filter>
    <Filter Include="ソース ファイル\scene_game\scene_house">
      <UniqueIdentifier>{e6d50f78-9f68-4ce7-acad-d2aae7892255}</UniqueIdentifier>
    </Filter>
    <Filter Include="ソース ファイル\scene_game\scene_house\player">
      <UniqueIdentifier>{5803a67c-c3e6-4d3c-82a6-90b2b6264aeb}</UniqueIdentifier>
    </Filter>
    <Filter Include="ソース ファイル\scene_game\scene_house\camera">
      <UniqueIdentifier>{c5a1a0b5-3b44-4ee7-b36f-e93b357c3d6b}</UniqueIdentifier>
    </Filter>
  </ItemGroup>
  <ItemGroup>
    <ClCompile Include="..\Scripts\player.cpp">
      <Filter>ソース ファイル\scene_game\scene_house\player</Filter>
    </ClCompile>
    <ClCompile Include="..\Scripts\object_rotate.cpp">
      <Filter>ソース ファイル\scene_game\object</Filter>
    </ClCompile>
    <ClCompile Include="..\Scripts\camera_manager.cpp">
      <Filter>ソース ファイル\scene_game\camera</Filter>
    </ClCompile>
    <ClCompile Include="..\Scripts\camera_s.cpp">
      <Filter>ソース ファイル\scene_game\camera</Filter>
    </ClCompile>
    <ClCompile Include="..\Scripts\object_manager.cpp">
      <Filter>ソース ファイル\scene_game\object</Filter>
    </ClCompile>
    <ClCompile Include="Imgui\imgui.cpp">
      <Filter>00_Adollib\99_imgui</Filter>
    </ClCompile>
    <ClCompile Include="Imgui\imgui_demo.cpp">
      <Filter>00_Adollib\99_imgui</Filter>
    </ClCompile>
    <ClCompile Include="Imgui\imgui_draw.cpp">
      <Filter>00_Adollib\99_imgui</Filter>
    </ClCompile>
    <ClCompile Include="Imgui\imgui_impl_dx11.cpp">
      <Filter>00_Adollib\99_imgui</Filter>
    </ClCompile>
    <ClCompile Include="Imgui\imgui_impl_win32.cpp">
      <Filter>00_Adollib\99_imgui</Filter>
    </ClCompile>
    <ClCompile Include="Imgui\imgui_widgets.cpp">
      <Filter>00_Adollib\99_imgui</Filter>
    </ClCompile>
    <ClCompile Include="Scripts\Mesh\frustum_culling.cpp">
      <Filter>00_Adollib\33_object\mesh</Filter>
    </ClCompile>
    <ClCompile Include="Scripts\Mesh\material.cpp">
      <Filter>00_Adollib\33_object\mesh</Filter>
    </ClCompile>
    <ClCompile Include="Scripts\Mesh\material_for_collider.cpp">
      <Filter>00_Adollib\33_object\mesh</Filter>
    </ClCompile>
    <ClCompile Include="Scripts\Mesh\mesh.cpp">
      <Filter>00_Adollib\33_object\mesh</Filter>
    </ClCompile>
    <ClCompile Include="Scripts\Mesh\texture.cpp">
      <Filter>00_Adollib\33_object\mesh</Filter>
    </ClCompile>
    <ClCompile Include="Scripts\Object\gameobject.cpp">
      <Filter>00_Adollib\33_object</Filter>
    </ClCompile>
    <ClCompile Include="Scripts\Object\gameobject_manager.cpp">
      <Filter>00_Adollib\33_object</Filter>
    </ClCompile>
    <ClCompile Include="Scripts\Shader\compute_shader.cpp">
      <Filter>00_Adollib\44_shader</Filter>
    </ClCompile>
    <ClCompile Include="Scripts\Shader\shader.cpp">
      <Filter>00_Adollib\44_shader</Filter>
    </ClCompile>
    <ClCompile Include="Scripts\Scene\scene_game.cpp">
      <Filter>ソース ファイル\scene_game</Filter>
    </ClCompile>
    <ClCompile Include="Scripts\Scene\scene_manager.cpp">
      <Filter>00_Adollib\55_scene</Filter>
    </ClCompile>
    <ClCompile Include="Scripts\Scene\scene_title.cpp">
      <Filter>ソース ファイル\scene_game</Filter>
    </ClCompile>
    <ClCompile Include="Scripts\Math\complex.cpp">
      <Filter>00_Adollib\11_math</Filter>
    </ClCompile>
    <ClCompile Include="Scripts\Main\Adollib.cpp">
      <Filter>00_Adollib\00_main</Filter>
    </ClCompile>
    <ClCompile Include="Scripts\Main\input.cpp">
      <Filter>00_Adollib\00_main</Filter>
    </ClCompile>
    <ClCompile Include="Scripts\Main\loop.cpp">
      <Filter>00_Adollib\00_main</Filter>
    </ClCompile>
    <ClCompile Include="Scripts\Main\main.cpp">
      <Filter>00_Adollib\00_main</Filter>
    </ClCompile>
    <ClCompile Include="Scripts\Main\resource_manager.cpp">
      <Filter>00_Adollib\00_main</Filter>
    </ClCompile>
    <ClCompile Include="Scripts\Main\sprite.cpp">
      <Filter>00_Adollib\00_main</Filter>
    </ClCompile>
    <ClCompile Include="Scripts\Main\systems.cpp">
      <Filter>00_Adollib\00_main</Filter>
    </ClCompile>
    <ClCompile Include="Scripts\Imgui\imgui_manager.cpp">
      <Filter>00_Adollib\99_imgui</Filter>
    </ClCompile>
    <ClCompile Include="Scripts\Imgui\work_meter.cpp">
      <Filter>00_Adollib\00_main\imgui</Filter>
    </ClCompile>
    <ClCompile Include="Scripts\Imgui\debug.cpp">
      <Filter>00_Adollib\00_main\imgui</Filter>
    </ClCompile>
    <ClCompile Include="Scripts\Physics\ALP_broadphase.cpp">
      <Filter>00_Adollib\22_physics\ALP</Filter>
    </ClCompile>
    <ClCompile Include="Scripts\Physics\ALP_generate_contact.cpp">
      <Filter>00_Adollib\22_physics\ALP</Filter>
    </ClCompile>
    <ClCompile Include="Scripts\Physics\ALP_integrate.cpp">
      <Filter>00_Adollib\22_physics\ALP</Filter>
    </ClCompile>
    <ClCompile Include="Scripts\Physics\ALP_midphase.cpp">
      <Filter>00_Adollib\22_physics\ALP</Filter>
    </ClCompile>
    <ClCompile Include="Scripts\Physics\ALP_resolve_contact.cpp">
      <Filter>00_Adollib\22_physics\ALP</Filter>
    </ClCompile>
    <ClCompile Include="Scripts\Physics\meshcoll_resorce_manager.cpp">
      <Filter>00_Adollib\22_physics\collider</Filter>
    </ClCompile>
    <ClCompile Include="Scripts\Physics\ALP_collider.cpp">
      <Filter>00_Adollib\22_physics\base</Filter>
    </ClCompile>
    <ClCompile Include="Scripts\Physics\ALP_physics.cpp">
      <Filter>00_Adollib\22_physics\base</Filter>
    </ClCompile>
    <ClCompile Include="Scripts\Physics\ALP__physics_manager.cpp">
      <Filter>00_Adollib\22_physics\base</Filter>
    </ClCompile>
    <ClCompile Include="Scripts\Math\closest_func.cpp">
      <Filter>00_Adollib\11_math\functions</Filter>
    </ClCompile>
    <ClCompile Include="Scripts\Math\crossing_func.cpp">
      <Filter>00_Adollib\11_math\functions</Filter>
    </ClCompile>
    <ClCompile Include="Scripts\Physics\ray.cpp">
      <Filter>00_Adollib\22_physics\collider</Filter>
    </ClCompile>
    <ClCompile Include="Scripts\Physics\ALP_raycast.cpp">
      <Filter>00_Adollib\22_physics\base</Filter>
    </ClCompile>
    <ClCompile Include="Scripts\Object\hierarchy.cpp">
      <Filter>00_Adollib\33_object</Filter>
    </ClCompile>
    <ClCompile Include="Scripts\Imgui\inspector.cpp">
      <Filter>00_Adollib\33_object</Filter>
    </ClCompile>
    <ClCompile Include="..\Scripts\player_manager.cpp">
      <Filter>ソース ファイル\scene_game\scene_house\player</Filter>
    </ClCompile>
    <ClCompile Include="Scripts\Physics\collider.cpp">
      <Filter>00_Adollib\22_physics\collider</Filter>
    </ClCompile>
    <ClCompile Include="Scripts\Physics\collider_shape.cpp">
      <Filter>00_Adollib\22_physics\collider</Filter>
    </ClCompile>
    <ClCompile Include="Scripts\Physics\ALP_resolve_contact_SIM.cpp">
      <Filter>00_Adollib\22_physics\ALP</Filter>
    </ClCompile>
    <ClCompile Include="Scripts\Physics\joint.cpp">
      <Filter>00_Adollib\22_physics\Joint</Filter>
    </ClCompile>
    <ClCompile Include="Scripts\Physics\joint_base.cpp">
      <Filter>00_Adollib\22_physics\Joint</Filter>
    </ClCompile>
    <ClCompile Include="Scripts\Physics\ALP_joint.cpp">
      <Filter>00_Adollib\22_physics\base</Filter>
    </ClCompile>
    <ClCompile Include="Scripts\Object\component_camera.cpp">
      <Filter>00_Adollib\33_object</Filter>
    </ClCompile>
    <ClCompile Include="Scripts\Object\component_light.cpp">
      <Filter>00_Adollib\33_object</Filter>
    </ClCompile>
    <ClCompile Include="..\Scripts\demo_house.cpp">
      <Filter>ソース ファイル\scene_game\scene_house</Filter>
    </ClCompile>
    <ClCompile Include="..\Scripts\camera.cpp">
      <Filter>ソース ファイル\scene_game\scene_house\camera</Filter>
    </ClCompile>
    <ClCompile Include="Scripts\Physics\ALP_contact.cpp">
      <Filter>00_Adollib\22_physics\ALP</Filter>
    </ClCompile>
  </ItemGroup>
  <ItemGroup>
    <ClInclude Include="..\Scripts\player.h">
      <Filter>ソース ファイル\scene_game\scene_house\player</Filter>
    </ClInclude>
    <ClInclude Include="..\Scripts\scene_game_all.h">
      <Filter>ソース ファイル\scene_game</Filter>
    </ClInclude>
    <ClInclude Include="..\Scripts\object_rotate.h">
      <Filter>ソース ファイル\scene_game\object</Filter>
    </ClInclude>
    <ClInclude Include="..\Scripts\camera_manager.h">
      <Filter>ソース ファイル\scene_game\camera</Filter>
    </ClInclude>
    <ClInclude Include="..\Scripts\camera_s.h">
      <Filter>ソース ファイル\scene_game\camera</Filter>
    </ClInclude>
    <ClInclude Include="..\Scripts\object_manager.h">
      <Filter>ソース ファイル\scene_game\object</Filter>
    </ClInclude>
    <ClInclude Include="Imgui\imconfig.h">
      <Filter>00_Adollib\99_imgui</Filter>
    </ClInclude>
    <ClInclude Include="Imgui\imgui.h">
      <Filter>00_Adollib\99_imgui</Filter>
    </ClInclude>
    <ClInclude Include="Imgui\imgui_impl_dx11.h">
      <Filter>00_Adollib\99_imgui</Filter>
    </ClInclude>
    <ClInclude Include="Imgui\imgui_impl_win32.h">
      <Filter>00_Adollib\99_imgui</Filter>
    </ClInclude>
    <ClInclude Include="Imgui\imgui_internal.h">
      <Filter>00_Adollib\99_imgui</Filter>
    </ClInclude>
    <ClInclude Include="Imgui\imstb_rectpack.h">
      <Filter>00_Adollib\99_imgui</Filter>
    </ClInclude>
    <ClInclude Include="Imgui\imstb_textedit.h">
      <Filter>00_Adollib\99_imgui</Filter>
    </ClInclude>
    <ClInclude Include="Imgui\imstb_truetype.h">
      <Filter>00_Adollib\99_imgui</Filter>
    </ClInclude>
    <ClInclude Include="Scripts\Mesh\frustum_culling.h">
      <Filter>00_Adollib\33_object\mesh</Filter>
    </ClInclude>
    <ClInclude Include="Scripts\Mesh\material.h">
      <Filter>00_Adollib\33_object\mesh</Filter>
    </ClInclude>
    <ClInclude Include="Scripts\Mesh\material_for_collider.h">
      <Filter>00_Adollib\33_object\mesh</Filter>
    </ClInclude>
    <ClInclude Include="Scripts\Mesh\mesh.h">
      <Filter>00_Adollib\33_object\mesh</Filter>
    </ClInclude>
    <ClInclude Include="Scripts\Mesh\texture.h">
      <Filter>00_Adollib\33_object\mesh</Filter>
    </ClInclude>
    <ClInclude Include="Scripts\Object\component.h">
      <Filter>00_Adollib\33_object</Filter>
    </ClInclude>
    <ClInclude Include="Scripts\Object\component_camera.h">
      <Filter>00_Adollib\33_object</Filter>
    </ClInclude>
    <ClInclude Include="Scripts\Object\component_light.h">
      <Filter>00_Adollib\33_object</Filter>
    </ClInclude>
    <ClInclude Include="Scripts\Object\gameobject.h">
      <Filter>00_Adollib\33_object</Filter>
    </ClInclude>
    <ClInclude Include="Scripts\Object\gameobject_manager.h">
      <Filter>00_Adollib\33_object</Filter>
    </ClInclude>
    <ClInclude Include="Scripts\Object\object.h">
      <Filter>00_Adollib\33_object</Filter>
    </ClInclude>
    <ClInclude Include="Scripts\Object\transform.h">
      <Filter>00_Adollib\33_object</Filter>
    </ClInclude>
    <ClInclude Include="Scripts\Shader\cbuffer_manager.h">
      <Filter>00_Adollib\44_shader</Filter>
    </ClInclude>
    <ClInclude Include="Scripts\Shader\compute_shader.h">
      <Filter>00_Adollib\44_shader</Filter>
    </ClInclude>
    <ClInclude Include="Scripts\Shader\light_types.h">
      <Filter>00_Adollib\44_shader</Filter>
    </ClInclude>
    <ClInclude Include="Scripts\Shader\shader.h">
      <Filter>00_Adollib\44_shader</Filter>
    </ClInclude>
    <ClInclude Include="Scripts\Scene\scene_game.h">
      <Filter>ソース ファイル\scene_game</Filter>
    </ClInclude>
    <ClInclude Include="Scripts\Scene\scene.h">
      <Filter>00_Adollib\55_scene</Filter>
    </ClInclude>
    <ClInclude Include="Scripts\Scene\scene_list.h">
      <Filter>00_Adollib\55_scene</Filter>
    </ClInclude>
    <ClInclude Include="Scripts\Scene\scene_manager.h">
      <Filter>00_Adollib\55_scene</Filter>
    </ClInclude>
    <ClInclude Include="Scripts\Scene\scene_title.h">
      <Filter>ソース ファイル\scene_game</Filter>
    </ClInclude>
    <ClInclude Include="Scripts\Math\complex.h">
      <Filter>00_Adollib\11_math</Filter>
    </ClInclude>
    <ClInclude Include="Scripts\Math\DOP.h">
      <Filter>00_Adollib\11_math</Filter>
    </ClInclude>
    <ClInclude Include="Scripts\Math\math.h">
      <Filter>00_Adollib\11_math</Filter>
    </ClInclude>
    <ClInclude Include="Scripts\Math\math_e.h">
      <Filter>00_Adollib\11_math</Filter>
    </ClInclude>
    <ClInclude Include="Scripts\Math\matrix.h">
      <Filter>00_Adollib\11_math</Filter>
    </ClInclude>
    <ClInclude Include="Scripts\Math\quaternion.h">
      <Filter>00_Adollib\11_math</Filter>
    </ClInclude>
    <ClInclude Include="Scripts\Math\quaternion_e.h">
      <Filter>00_Adollib\11_math</Filter>
    </ClInclude>
    <ClInclude Include="Scripts\Math\vector.h">
      <Filter>00_Adollib\11_math</Filter>
    </ClInclude>
    <ClInclude Include="Scripts\Math\vector_e.h">
      <Filter>00_Adollib\11_math</Filter>
    </ClInclude>
    <ClInclude Include="Scripts\Main\Adollib.h">
      <Filter>00_Adollib\00_main</Filter>
    </ClInclude>
    <ClInclude Include="Scripts\Main\input.h">
      <Filter>00_Adollib\00_main</Filter>
    </ClInclude>
    <ClInclude Include="Scripts\Main\loop.h">
      <Filter>00_Adollib\00_main</Filter>
    </ClInclude>
    <ClInclude Include="Scripts\Main\misc.h">
      <Filter>00_Adollib\00_main</Filter>
    </ClInclude>
    <ClInclude Include="Scripts\Main\resource_manager.h">
      <Filter>00_Adollib\00_main</Filter>
    </ClInclude>
    <ClInclude Include="Scripts\Main\singleton.h">
      <Filter>00_Adollib\00_main</Filter>
    </ClInclude>
    <ClInclude Include="Scripts\Main\sprite.h">
      <Filter>00_Adollib\00_main</Filter>
    </ClInclude>
    <ClInclude Include="Scripts\Main\states_manager.h">
      <Filter>00_Adollib\00_main</Filter>
    </ClInclude>
    <ClInclude Include="Scripts\Main\systems.h">
      <Filter>00_Adollib\00_main</Filter>
    </ClInclude>
    <ClInclude Include="Scripts\Main\time.h">
      <Filter>00_Adollib\00_main</Filter>
    </ClInclude>
    <ClInclude Include="Scripts\Imgui\imgui_manager.h">
      <Filter>00_Adollib\99_imgui</Filter>
    </ClInclude>
    <ClInclude Include="Scripts\Imgui\imgui_all.h">
      <Filter>00_Adollib\00_main\imgui</Filter>
    </ClInclude>
    <ClInclude Include="Scripts\Imgui\imgui_base.h">
      <Filter>00_Adollib\00_main\imgui</Filter>
    </ClInclude>
    <ClInclude Include="Scripts\Imgui\work_meter.h">
      <Filter>00_Adollib\00_main\imgui</Filter>
    </ClInclude>
    <ClInclude Include="Scripts\Imgui\debug.h">
      <Filter>00_Adollib\00_main\imgui</Filter>
    </ClInclude>
    <ClInclude Include="Scripts\Physics\ALP__physics_function.h">
      <Filter>00_Adollib\22_physics\ALP</Filter>
    </ClInclude>
    <ClInclude Include="Scripts\Physics\ALP_broadphase.h">
      <Filter>00_Adollib\22_physics\ALP</Filter>
    </ClInclude>
    <ClInclude Include="Scripts\Physics\ALP_generate_contact.h">
      <Filter>00_Adollib\22_physics\ALP</Filter>
    </ClInclude>
    <ClInclude Include="Scripts\Physics\ALP_integrate.h">
      <Filter>00_Adollib\22_physics\ALP</Filter>
    </ClInclude>
    <ClInclude Include="Scripts\Physics\ALP_midphase.h">
      <Filter>00_Adollib\22_physics\ALP</Filter>
    </ClInclude>
    <ClInclude Include="Scripts\Physics\ALP_resolve_contact.h">
      <Filter>00_Adollib\22_physics\ALP</Filter>
    </ClInclude>
    <ClInclude Include="Scripts\Physics\collider.h">
      <Filter>00_Adollib\22_physics\collider</Filter>
    </ClInclude>
    <ClInclude Include="Scripts\Physics\collider_box.h">
      <Filter>00_Adollib\22_physics\collider</Filter>
    </ClInclude>
    <ClInclude Include="Scripts\Physics\collider_meshcoll.h">
      <Filter>00_Adollib\22_physics\collider</Filter>
    </ClInclude>
    <ClInclude Include="Scripts\Physics\collider_plane.h">
      <Filter>00_Adollib\22_physics\collider</Filter>
    </ClInclude>
    <ClInclude Include="Scripts\Physics\collider_sphere.h">
      <Filter>00_Adollib\22_physics\collider</Filter>
    </ClInclude>
    <ClInclude Include="Scripts\Physics\meshcoll_resorce_manager.h">
      <Filter>00_Adollib\22_physics\collider</Filter>
    </ClInclude>
    <ClInclude Include="Scripts\Physics\ALP_collider.h">
      <Filter>00_Adollib\22_physics\base</Filter>
    </ClInclude>
    <ClInclude Include="Scripts\Physics\ALP_physics.h">
      <Filter>00_Adollib\22_physics\base</Filter>
    </ClInclude>
    <ClInclude Include="Scripts\Object\gameobject_tags.h">
      <Filter>00_Adollib\33_object</Filter>
    </ClInclude>
    <ClInclude Include="Scripts\Physics\ALP__physics_manager.h">
      <Filter>00_Adollib\22_physics\base</Filter>
    </ClInclude>
    <ClInclude Include="Scripts\Physics\ALP__tags.h">
      <Filter>00_Adollib\22_physics\base</Filter>
    </ClInclude>
    <ClInclude Include="Scripts\Physics\ALP__meshcoll_data.h">
      <Filter>00_Adollib\22_physics\base</Filter>
    </ClInclude>
    <ClInclude Include="Scripts\Shader\constant_buffer.h">
      <Filter>00_Adollib\44_shader</Filter>
    </ClInclude>
    <ClInclude Include="Scripts\Math\closest_func.h">
      <Filter>00_Adollib\11_math\functions</Filter>
    </ClInclude>
    <ClInclude Include="Scripts\Math\crossing_func.h">
      <Filter>00_Adollib\11_math\functions</Filter>
    </ClInclude>
    <ClInclude Include="Scripts\Physics\ray.h">
      <Filter>00_Adollib\22_physics\collider</Filter>
    </ClInclude>
    <ClInclude Include="Scripts\Physics\ALP_raycast.h">
      <Filter>00_Adollib\22_physics\base</Filter>
    </ClInclude>
    <ClInclude Include="Scripts\Physics\collider_capsule.h">
      <Filter>00_Adollib\22_physics\collider</Filter>
    </ClInclude>
    <ClInclude Include="Scripts\Object\hierarchy.h">
      <Filter>00_Adollib\33_object</Filter>
    </ClInclude>
    <ClInclude Include="Scripts\Imgui\inspector.h">
      <Filter>00_Adollib\33_object</Filter>
    </ClInclude>
    <ClInclude Include="Scripts\Math\vectorSIM_e.h">
      <Filter>00_Adollib\11_math</Filter>
    </ClInclude>
    <ClInclude Include="Scripts\Math\quaternionSIM_e.h">
      <Filter>00_Adollib\11_math</Filter>
    </ClInclude>
    <ClInclude Include="Scripts\Math\matrixSIM_e.h">
      <Filter>00_Adollib\11_math</Filter>
    </ClInclude>
    <ClInclude Include="..\Scripts\player_manager.h">
      <Filter>ソース ファイル\scene_game\scene_house\player</Filter>
    </ClInclude>
    <ClInclude Include="Scripts\Physics\collider_shape.h">
      <Filter>00_Adollib\22_physics\collider</Filter>
    </ClInclude>
    <ClInclude Include="Scripts\Physics\collider_types.h">
      <Filter>00_Adollib\22_physics\collider</Filter>
    </ClInclude>
    <ClInclude Include="Scripts\Math\matrix4x4_e.h">
      <Filter>00_Adollib\11_math</Filter>
    </ClInclude>
    <ClInclude Include="Scripts\Math\matrix3x3_e.h">
      <Filter>00_Adollib\11_math</Filter>
    </ClInclude>
    <ClInclude Include="Scripts\Physics\joint.h">
      <Filter>00_Adollib\22_physics\Joint</Filter>
    </ClInclude>
    <ClInclude Include="Scripts\Physics\joint_base.h">
      <Filter>00_Adollib\22_physics\Joint</Filter>
    </ClInclude>
    <ClInclude Include="Scripts\Physics\balljoint.h">
      <Filter>00_Adollib\22_physics\Joint</Filter>
    </ClInclude>
    <ClInclude Include="Scripts\Physics\ALP_joint.h">
      <Filter>00_Adollib\22_physics\base</Filter>
    </ClInclude>
    <ClInclude Include="Scripts\Physics\hingejoint.h">
      <Filter>00_Adollib\22_physics\Joint</Filter>
    </ClInclude>
    <ClInclude Include="Scripts\Physics\ALP_anchor.h">
      <Filter>00_Adollib\22_physics\base</Filter>
    </ClInclude>
    <ClInclude Include="Scripts\Physics\coneTwistjoint.h">
      <Filter>00_Adollib\22_physics\Joint</Filter>
    </ClInclude>
    <ClInclude Include="Scripts\Physics\conejoint.h">
      <Filter>00_Adollib\22_physics\Joint</Filter>
    </ClInclude>
    <ClInclude Include="Scripts\Physics\twistjoint.h">
      <Filter>00_Adollib\22_physics\Joint</Filter>
    </ClInclude>
    <ClInclude Include="..\Scripts\demo_house.h">
      <Filter>ソース ファイル\scene_game\scene_house</Filter>
    </ClInclude>
    <ClInclude Include="..\Scripts\camera.h">
      <Filter>ソース ファイル\scene_game\scene_house\camera</Filter>
    </ClInclude>
    <ClInclude Include="Scripts\Physics\ALP_contact.h">
      <Filter>00_Adollib\22_physics\ALP</Filter>
    </ClInclude>
    <ClInclude Include="Scripts\Physics\springjoint.h">
      <Filter>00_Adollib\22_physics\Joint</Filter>
    </ClInclude>
  </ItemGroup>
  <ItemGroup>
    <None Include="DefaultShader\default.hlsli">
      <Filter>00_Adollib\44_shader\hlsli</Filter>
    </None>
    <None Include="DefaultShader\light_type.hlsli">
      <Filter>00_Adollib\44_shader\hlsli</Filter>
    </None>
    <None Include="DefaultShader\head.hlsli">
      <Filter>00_Adollib\44_shader\hlsli</Filter>
    </None>
    <None Include="DefaultShader\func.hlsli">
      <Filter>00_Adollib\44_shader\hlsli</Filter>
    </None>
    <None Include="DefaultShader\quaternion.hlsli">
      <Filter>00_Adollib\44_shader\hlsli</Filter>
    </None>
    <None Include="DefaultShader\base_math.hlsli">
      <Filter>00_Adollib\44_shader\hlsli</Filter>
    </None>
    <None Include="DefaultShader\math.hlsli">
      <Filter>00_Adollib\44_shader\hlsli</Filter>
    </None>
    <None Include="ClassDiagram1.cd" />
  </ItemGroup>
  <ItemGroup>
    <FxCompile Include="DefaultShader\default_ps.hlsl">
      <Filter>00_Adollib\44_shader\hlsli</Filter>
    </FxCompile>
    <FxCompile Include="DefaultShader\default_vs.hlsl">
      <Filter>00_Adollib\44_shader\hlsli</Filter>
    </FxCompile>
    <FxCompile Include="DefaultShader\default_ps_notex.hlsl">
      <Filter>00_Adollib\44_shader\hlsli</Filter>
    </FxCompile>
    <FxCompile Include="DefaultShader\physics_resolve.hlsl">
      <Filter>00_Adollib\22_physics</Filter>
    </FxCompile>
  </ItemGroup>
  <ItemGroup>
    <Natvis Include="native\value.natvis">
      <Filter>00_Adollib\00_main\natvis</Filter>
    </Natvis>
  </ItemGroup>
</Project>